
Microsoft Visual Studio Solution File, Format Version 10.00
# Visual Studio 2008
Project("{FAE04EC0-301F-11D3-BF4B-00C04F79EFBC}") = "FluentMigrator.CF", "src\FluentMigrator\FluentMigrator.CF.csproj", "{30D3E592-35A4-4ED3-9218-CADF4FA83901}"
EndProject
Global
	GlobalSection(SolutionConfigurationPlatforms) = preSolution
		Debug|Any CPU = Debug|Any CPU
		Release|Any CPU = Release|Any CPU
	EndGlobalSection
	GlobalSection(ProjectConfigurationPlatforms) = postSolution
		{30D3E592-35A4-4ED3-9218-CADF4FA83901}.Debug|Any CPU.ActiveCfg = Debug|Any CPU
		{30D3E592-35A4-4ED3-9218-CADF4FA83901}.Debug|Any CPU.Build.0 = Debug|Any CPU
		{30D3E592-35A4-4ED3-9218-CADF4FA83901}.Release|Any CPU.ActiveCfg = Release|Any CPU
		{30D3E592-35A4-4ED3-9218-CADF4FA83901}.Release|Any CPU.Build.0 = Release|Any CPU
	EndGlobalSection
	GlobalSection(SolutionProperties) = preSolution
		HideSolutionNode = FALSE
	EndGlobalSection
EndGlobal
